// !$*UTF8*$!
{
	archiveVersion = 1;
	classes = {
	};
	objectVersion = 55;
	objects = {

/* Begin PBXBuildFile section */
		1893726427C9D09A001678EE /* AppDelegate.swift in Sources */ = {isa = PBXBuildFile; fileRef = 1893726327C9D09A001678EE /* AppDelegate.swift */; };
		1893726627C9D09A001678EE /* SceneDelegate.swift in Sources */ = {isa = PBXBuildFile; fileRef = 1893726527C9D09A001678EE /* SceneDelegate.swift */; };
		1893726B27C9D09A001678EE /* Main.storyboard in Resources */ = {isa = PBXBuildFile; fileRef = 1893726927C9D09A001678EE /* Main.storyboard */; };
		1893726D27C9D0A0001678EE /* Assets.xcassets in Resources */ = {isa = PBXBuildFile; fileRef = 1893726C27C9D0A0001678EE /* Assets.xcassets */; };
		1893727027C9D0A0001678EE /* LaunchScreen.storyboard in Resources */ = {isa = PBXBuildFile; fileRef = 1893726E27C9D0A0001678EE /* LaunchScreen.storyboard */; };
		1893727B27C9D0A1001678EE /* flixTests.swift in Sources */ = {isa = PBXBuildFile; fileRef = 1893727A27C9D0A1001678EE /* flixTests.swift */; };
		1893728527C9D0A1001678EE /* flixUITests.swift in Sources */ = {isa = PBXBuildFile; fileRef = 1893728427C9D0A1001678EE /* flixUITests.swift */; };
		1893728727C9D0A1001678EE /* flixUITestsLaunchTests.swift in Sources */ = {isa = PBXBuildFile; fileRef = 1893728627C9D0A1001678EE /* flixUITestsLaunchTests.swift */; };
		1893729427C9D5F2001678EE /* MoviesViewController.swift in Sources */ = {isa = PBXBuildFile; fileRef = 1893729327C9D5F2001678EE /* MoviesViewController.swift */; };
		1893729627C9EAC8001678EE /* MovieCell.swift in Sources */ = {isa = PBXBuildFile; fileRef = 1893729527C9EAC8001678EE /* MovieCell.swift */; };
		1893729927C9F315001678EE /* AlamofireImage in Frameworks */ = {isa = PBXBuildFile; productRef = 1893729827C9F315001678EE /* AlamofireImage */; };
		61B880D7820C2B8A17779E36 /* Pods_flix.framework in Frameworks */ = {isa = PBXBuildFile; fileRef = 9A3C8122E3ECE5CDFD6C4B1E /* Pods_flix.framework */; };
		BAF2B573A5289558C6E29EC7 /* Pods_flix_flixUITests.framework in Frameworks */ = {isa = PBXBuildFile; fileRef = E5238E7380AF9784FC81C0F9 /* Pods_flix_flixUITests.framework */; };
		FAC267455BC1E391EF7E7B58 /* Pods_flixTests.framework in Frameworks */ = {isa = PBXBuildFile; fileRef = 8D3983D0120B3F9DF314561B /* Pods_flixTests.framework */; };
/* End PBXBuildFile section */

/* Begin PBXContainerItemProxy section */
		1893727727C9D0A1001678EE /* PBXContainerItemProxy */ = {
			isa = PBXContainerItemProxy;
			containerPortal = 1893725827C9D09A001678EE /* Project object */;
			proxyType = 1;
			remoteGlobalIDString = 1893725F27C9D09A001678EE;
			remoteInfo = flix;
		};
		1893728127C9D0A1001678EE /* PBXContainerItemProxy */ = {
			isa = PBXContainerItemProxy;
			containerPortal = 1893725827C9D09A001678EE /* Project object */;
			proxyType = 1;
			remoteGlobalIDString = 1893725F27C9D09A001678EE;
			remoteInfo = flix;
		};
/* End PBXContainerItemProxy section */

/* Begin PBXFileReference section */
		1893726027C9D09A001678EE /* flix.app */ = {isa = PBXFileReference; explicitFileType = wrapper.application; includeInIndex = 0; path = flix.app; sourceTree = BUILT_PRODUCTS_DIR; };
		1893726327C9D09A001678EE /* AppDelegate.swift */ = {isa = PBXFileReference; lastKnownFileType = sourcecode.swift; path = AppDelegate.swift; sourceTree = "<group>"; };
		1893726527C9D09A001678EE /* SceneDelegate.swift */ = {isa = PBXFileReference; lastKnownFileType = sourcecode.swift; path = SceneDelegate.swift; sourceTree = "<group>"; };
		1893726A27C9D09A001678EE /* Base */ = {isa = PBXFileReference; lastKnownFileType = file.storyboard; name = Base; path = Base.lproj/Main.storyboard; sourceTree = "<group>"; };
		1893726C27C9D0A0001678EE /* Assets.xcassets */ = {isa = PBXFileReference; lastKnownFileType = folder.assetcatalog; path = Assets.xcassets; sourceTree = "<group>"; };
		1893726F27C9D0A0001678EE /* Base */ = {isa = PBXFileReference; lastKnownFileType = file.storyboard; name = Base; path = Base.lproj/LaunchScreen.storyboard; sourceTree = "<group>"; };
		1893727127C9D0A0001678EE /* Info.plist */ = {isa = PBXFileReference; lastKnownFileType = text.plist.xml; path = Info.plist; sourceTree = "<group>"; };
		1893727627C9D0A1001678EE /* flixTests.xctest */ = {isa = PBXFileReference; explicitFileType = wrapper.cfbundle; includeInIndex = 0; path = flixTests.xctest; sourceTree = BUILT_PRODUCTS_DIR; };
		1893727A27C9D0A1001678EE /* flixTests.swift */ = {isa = PBXFileReference; lastKnownFileType = sourcecode.swift; path = flixTests.swift; sourceTree = "<group>"; };
		1893728027C9D0A1001678EE /* flixUITests.xctest */ = {isa = PBXFileReference; explicitFileType = wrapper.cfbundle; includeInIndex = 0; path = flixUITests.xctest; sourceTree = BUILT_PRODUCTS_DIR; };
		1893728427C9D0A1001678EE /* flixUITests.swift */ = {isa = PBXFileReference; lastKnownFileType = sourcecode.swift; path = flixUITests.swift; sourceTree = "<group>"; };
		1893728627C9D0A1001678EE /* flixUITestsLaunchTests.swift */ = {isa = PBXFileReference; lastKnownFileType = sourcecode.swift; path = flixUITestsLaunchTests.swift; sourceTree = "<group>"; };
		1893729327C9D5F2001678EE /* MoviesViewController.swift */ = {isa = PBXFileReference; lastKnownFileType = sourcecode.swift; path = MoviesViewController.swift; sourceTree = "<group>"; };
		1893729527C9EAC8001678EE /* MovieCell.swift */ = {isa = PBXFileReference; lastKnownFileType = sourcecode.swift; path = MovieCell.swift; sourceTree = "<group>"; };
		587D8FDB21E9F34AF2ABE5BF /* Pods-flix-flixUITests.release.xcconfig */ = {isa = PBXFileReference; includeInIndex = 1; lastKnownFileType = text.xcconfig; name = "Pods-flix-flixUITests.release.xcconfig"; path = "Target Support Files/Pods-flix-flixUITests/Pods-flix-flixUITests.release.xcconfig"; sourceTree = "<group>"; };
		8642E2CBD421DEA81B7CA95E /* Pods-flix-flixUITests.debug.xcconfig */ = {isa = PBXFileReference; includeInIndex = 1; lastKnownFileType = text.xcconfig; name = "Pods-flix-flixUITests.debug.xcconfig"; path = "Target Support Files/Pods-flix-flixUITests/Pods-flix-flixUITests.debug.xcconfig"; sourceTree = "<group>"; };
		8D3983D0120B3F9DF314561B /* Pods_flixTests.framework */ = {isa = PBXFileReference; explicitFileType = wrapper.framework; includeInIndex = 0; path = Pods_flixTests.framework; sourceTree = BUILT_PRODUCTS_DIR; };
		8F74CB59444B159DF8CA58A9 /* Pods-flixTests.release.xcconfig */ = {isa = PBXFileReference; includeInIndex = 1; lastKnownFileType = text.xcconfig; name = "Pods-flixTests.release.xcconfig"; path = "Target Support Files/Pods-flixTests/Pods-flixTests.release.xcconfig"; sourceTree = "<group>"; };
		9A3C8122E3ECE5CDFD6C4B1E /* Pods_flix.framework */ = {isa = PBXFileReference; explicitFileType = wrapper.framework; includeInIndex = 0; path = Pods_flix.framework; sourceTree = BUILT_PRODUCTS_DIR; };
		B94EF0A65CE2B189A239F9E5 /* Pods-flix.release.xcconfig */ = {isa = PBXFileReference; includeInIndex = 1; lastKnownFileType = text.xcconfig; name = "Pods-flix.release.xcconfig"; path = "Target Support Files/Pods-flix/Pods-flix.release.xcconfig"; sourceTree = "<group>"; };
		D445E86B16ED39C5ED7841DF /* Pods-flixTests.debug.xcconfig */ = {isa = PBXFileReference; includeInIndex = 1; lastKnownFileType = text.xcconfig; name = "Pods-flixTests.debug.xcconfig"; path = "Target Support Files/Pods-flixTests/Pods-flixTests.debug.xcconfig"; sourceTree = "<group>"; };
		DEA38F8F84C78481EE44FBC0 /* Pods-flix.debug.xcconfig */ = {isa = PBXFileReference; includeInIndex = 1; lastKnownFileType = text.xcconfig; name = "Pods-flix.debug.xcconfig"; path = "Target Support Files/Pods-flix/Pods-flix.debug.xcconfig"; sourceTree = "<group>"; };
		E5238E7380AF9784FC81C0F9 /* Pods_flix_flixUITests.framework */ = {isa = PBXFileReference; explicitFileType = wrapper.framework; includeInIndex = 0; path = Pods_flix_flixUITests.framework; sourceTree = BUILT_PRODUCTS_DIR; };
/* End PBXFileReference section */

/* Begin PBXFrameworksBuildPhase section */
		1893725D27C9D09A001678EE /* Frameworks */ = {
			isa = PBXFrameworksBuildPhase;
			buildActionMask = 2147483647;
			files = (
				1893729927C9F315001678EE /* AlamofireImage in Frameworks */,
				61B880D7820C2B8A17779E36 /* Pods_flix.framework in Frameworks */,
			);
			runOnlyForDeploymentPostprocessing = 0;
		};
		1893727327C9D0A1001678EE /* Frameworks */ = {
			isa = PBXFrameworksBuildPhase;
			buildActionMask = 2147483647;
			files = (
				FAC267455BC1E391EF7E7B58 /* Pods_flixTests.framework in Frameworks */,
			);
			runOnlyForDeploymentPostprocessing = 0;
		};
		1893727D27C9D0A1001678EE /* Frameworks */ = {
			isa = PBXFrameworksBuildPhase;
			buildActionMask = 2147483647;
			files = (
				BAF2B573A5289558C6E29EC7 /* Pods_flix_flixUITests.framework in Frameworks */,
			);
			runOnlyForDeploymentPostprocessing = 0;
		};
/* End PBXFrameworksBuildPhase section */

/* Begin PBXGroup section */
		0FD724D2701002367A099878 /* Pods */ = {
			isa = PBXGroup;
			children = (
				DEA38F8F84C78481EE44FBC0 /* Pods-flix.debug.xcconfig */,
				B94EF0A65CE2B189A239F9E5 /* Pods-flix.release.xcconfig */,
				8642E2CBD421DEA81B7CA95E /* Pods-flix-flixUITests.debug.xcconfig */,
				587D8FDB21E9F34AF2ABE5BF /* Pods-flix-flixUITests.release.xcconfig */,
				D445E86B16ED39C5ED7841DF /* Pods-flixTests.debug.xcconfig */,
				8F74CB59444B159DF8CA58A9 /* Pods-flixTests.release.xcconfig */,
			);
			name = Pods;
			path = Pods;
			sourceTree = "<group>";
		};
		1893725727C9D09A001678EE = {
			isa = PBXGroup;
			children = (
				1893726227C9D09A001678EE /* flix */,
				1893727927C9D0A1001678EE /* flixTests */,
				1893728327C9D0A1001678EE /* flixUITests */,
				1893726127C9D09A001678EE /* Products */,
				0FD724D2701002367A099878 /* Pods */,
				3ED73300F8ECA8874E688275 /* Frameworks */,
			);
			sourceTree = "<group>";
		};
		1893726127C9D09A001678EE /* Products */ = {
			isa = PBXGroup;
			children = (
				1893726027C9D09A001678EE /* flix.app */,
				1893727627C9D0A1001678EE /* flixTests.xctest */,
				1893728027C9D0A1001678EE /* flixUITests.xctest */,
			);
			name = Products;
			sourceTree = "<group>";
		};
		1893726227C9D09A001678EE /* flix */ = {
			isa = PBXGroup;
			children = (
				1893726327C9D09A001678EE /* AppDelegate.swift */,
				1893726527C9D09A001678EE /* SceneDelegate.swift */,
				1893729327C9D5F2001678EE /* MoviesViewController.swift */,
				1893726927C9D09A001678EE /* Main.storyboard */,
				1893729527C9EAC8001678EE /* MovieCell.swift */,
				1893726C27C9D0A0001678EE /* Assets.xcassets */,
				1893726E27C9D0A0001678EE /* LaunchScreen.storyboard */,
				1893727127C9D0A0001678EE /* Info.plist */,
			);
			path = flix;
			sourceTree = "<group>";
		};
		1893727927C9D0A1001678EE /* flixTests */ = {
			isa = PBXGroup;
			children = (
				1893727A27C9D0A1001678EE /* flixTests.swift */,
			);
			path = flixTests;
			sourceTree = "<group>";
		};
		1893728327C9D0A1001678EE /* flixUITests */ = {
			isa = PBXGroup;
			children = (
				1893728427C9D0A1001678EE /* flixUITests.swift */,
				1893728627C9D0A1001678EE /* flixUITestsLaunchTests.swift */,
			);
			path = flixUITests;
			sourceTree = "<group>";
		};
		3ED73300F8ECA8874E688275 /* Frameworks */ = {
			isa = PBXGroup;
			children = (
				9A3C8122E3ECE5CDFD6C4B1E /* Pods_flix.framework */,
				E5238E7380AF9784FC81C0F9 /* Pods_flix_flixUITests.framework */,
				8D3983D0120B3F9DF314561B /* Pods_flixTests.framework */,
			);
			name = Frameworks;
			sourceTree = "<group>";
		};
/* End PBXGroup section */

/* Begin PBXNativeTarget section */
		1893725F27C9D09A001678EE /* flix */ = {
			isa = PBXNativeTarget;
			buildConfigurationList = 1893728A27C9D0A1001678EE /* Build configuration list for PBXNativeTarget "flix" */;
			buildPhases = (
				64E6D44D98BC7457619CD2E7 /* [CP] Check Pods Manifest.lock */,
				1893725C27C9D09A001678EE /* Sources */,
				1893725D27C9D09A001678EE /* Frameworks */,
				1893725E27C9D09A001678EE /* Resources */,
				9096B220EB330ADDBF2D782D /* [CP] Embed Pods Frameworks */,
			);
			buildRules = (
			);
			dependencies = (
			);
			name = flix;
			packageProductDependencies = (
				1893729827C9F315001678EE /* AlamofireImage */,
			);
			productName = flix;
			productReference = 1893726027C9D09A001678EE /* flix.app */;
			productType = "com.apple.product-type.application";
		};
		1893727527C9D0A1001678EE /* flixTests */ = {
			isa = PBXNativeTarget;
			buildConfigurationList = 1893728D27C9D0A1001678EE /* Build configuration list for PBXNativeTarget "flixTests" */;
			buildPhases = (
				A767973D5BACF65B40C711DA /* [CP] Check Pods Manifest.lock */,
				1893727227C9D0A1001678EE /* Sources */,
				1893727327C9D0A1001678EE /* Frameworks */,
				1893727427C9D0A1001678EE /* Resources */,
			);
			buildRules = (
			);
			dependencies = (
				1893727827C9D0A1001678EE /* PBXTargetDependency */,
			);
			name = flixTests;
			productName = flixTests;
			productReference = 1893727627C9D0A1001678EE /* flixTests.xctest */;
			productType = "com.apple.product-type.bundle.unit-test";
		};
		1893727F27C9D0A1001678EE /* flixUITests */ = {
			isa = PBXNativeTarget;
			buildConfigurationList = 1893729027C9D0A1001678EE /* Build configuration list for PBXNativeTarget "flixUITests" */;
			buildPhases = (
				3118157488278143A2376C0B /* [CP] Check Pods Manifest.lock */,
				1893727C27C9D0A1001678EE /* Sources */,
				1893727D27C9D0A1001678EE /* Frameworks */,
				1893727E27C9D0A1001678EE /* Resources */,
				56CAE33350EB68FD03F6B35A /* [CP] Embed Pods Frameworks */,
			);
			buildRules = (
			);
			dependencies = (
				1893728227C9D0A1001678EE /* PBXTargetDependency */,
			);
			name = flixUITests;
			productName = flixUITests;
			productReference = 1893728027C9D0A1001678EE /* flixUITests.xctest */;
			productType = "com.apple.product-type.bundle.ui-testing";
		};
/* End PBXNativeTarget section */

/* Begin PBXProject section */
		1893725827C9D09A001678EE /* Project object */ = {
			isa = PBXProject;
			attributes = {
				BuildIndependentTargetsInParallel = 1;
				LastSwiftUpdateCheck = 1320;
				LastUpgradeCheck = 1320;
				TargetAttributes = {
					1893725F27C9D09A001678EE = {
						CreatedOnToolsVersion = 13.2.1;
					};
					1893727527C9D0A1001678EE = {
						CreatedOnToolsVersion = 13.2.1;
						TestTargetID = 1893725F27C9D09A001678EE;
					};
					1893727F27C9D0A1001678EE = {
						CreatedOnToolsVersion = 13.2.1;
						TestTargetID = 1893725F27C9D09A001678EE;
					};
				};
			};
			buildConfigurationList = 1893725B27C9D09A001678EE /* Build configuration list for PBXProject "flix" */;
			compatibilityVersion = "Xcode 13.0";
			developmentRegion = en;
			hasScannedForEncodings = 0;
			knownRegions = (
				en,
				Base,
			);
			mainGroup = 1893725727C9D09A001678EE;
			packageReferences = (
				1893729727C9F315001678EE /* XCRemoteSwiftPackageReference "AlamofireImage" */,
			);
			productRefGroup = 1893726127C9D09A001678EE /* Products */;
			projectDirPath = "";
			projectRoot = "";
			targets = (
				1893725F27C9D09A001678EE /* flix */,
				1893727527C9D0A1001678EE /* flixTests */,
				1893727F27C9D0A1001678EE /* flixUITests */,
			);
		};
/* End PBXProject section */

/* Begin PBXResourcesBuildPhase section */
		1893725E27C9D09A001678EE /* Resources */ = {
			isa = PBXResourcesBuildPhase;
			buildActionMask = 2147483647;
			files = (
				1893727027C9D0A0001678EE /* LaunchScreen.storyboard in Resources */,
				1893726D27C9D0A0001678EE /* Assets.xcassets in Resources */,
				1893726B27C9D09A001678EE /* Main.storyboard in Resources */,
			);
			runOnlyForDeploymentPostprocessing = 0;
		};
		1893727427C9D0A1001678EE /* Resources */ = {
			isa = PBXResourcesBuildPhase;
			buildActionMask = 2147483647;
			files = (
			);
			runOnlyForDeploymentPostprocessing = 0;
		};
		1893727E27C9D0A1001678EE /* Resources */ = {
			isa = PBXResourcesBuildPhase;
			buildActionMask = 2147483647;
			files = (
			);
			runOnlyForDeploymentPostprocessing = 0;
		};
/* End PBXResourcesBuildPhase section */

/* Begin PBXShellScriptBuildPhase section */
		3118157488278143A2376C0B /* [CP] Check Pods Manifest.lock */ = {
			isa = PBXShellScriptBuildPhase;
			buildActionMask = 2147483647;
			files = (
			);
			inputFileListPaths = (
			);
			inputPaths = (
				"${PODS_PODFILE_DIR_PATH}/Podfile.lock",
				"${PODS_ROOT}/Manifest.lock",
			);
			name = "[CP] Check Pods Manifest.lock";
			outputFileListPaths = (
			);
			outputPaths = (
				"$(DERIVED_FILE_DIR)/Pods-flix-flixUITests-checkManifestLockResult.txt",
			);
			runOnlyForDeploymentPostprocessing = 0;
			shellPath = /bin/sh;
			shellScript = "diff \"${PODS_PODFILE_DIR_PATH}/Podfile.lock\" \"${PODS_ROOT}/Manifest.lock\" > /dev/null\nif [ $? != 0 ] ; then\n    # print error to STDERR\n    echo \"error: The sandbox is not in sync with the Podfile.lock. Run 'pod install' or update your CocoaPods installation.\" >&2\n    exit 1\nfi\n# This output is used by Xcode 'outputs' to avoid re-running this script phase.\necho \"SUCCESS\" > \"${SCRIPT_OUTPUT_FILE_0}\"\n";
			showEnvVarsInLog = 0;
		};
		56CAE33350EB68FD03F6B35A /* [CP] Embed Pods Frameworks */ = {
			isa = PBXShellScriptBuildPhase;
			buildActionMask = 2147483647;
			files = (
			);
			inputFileListPaths = (
				"${PODS_ROOT}/Target Support Files/Pods-flix-flixUITests/Pods-flix-flixUITests-frameworks-${CONFIGURATION}-input-files.xcfilelist",
			);
			name = "[CP] Embed Pods Frameworks";
			outputFileListPaths = (
				"${PODS_ROOT}/Target Support Files/Pods-flix-flixUITests/Pods-flix-flixUITests-frameworks-${CONFIGURATION}-output-files.xcfilelist",
			);
			runOnlyForDeploymentPostprocessing = 0;
			shellPath = /bin/sh;
			shellScript = "\"${PODS_ROOT}/Target Support Files/Pods-flix-flixUITests/Pods-flix-flixUITests-frameworks.sh\"\n";
			showEnvVarsInLog = 0;
		};
		64E6D44D98BC7457619CD2E7 /* [CP] Check Pods Manifest.lock */ = {
			isa = PBXShellScriptBuildPhase;
			buildActionMask = 2147483647;
			files = (
			);
			inputFileListPaths = (
			);
			inputPaths = (
				"${PODS_PODFILE_DIR_PATH}/Podfile.lock",
				"${PODS_ROOT}/Manifest.lock",
			);
			name = "[CP] Check Pods Manifest.lock";
			outputFileListPaths = (
			);
			outputPaths = (
				"$(DERIVED_FILE_DIR)/Pods-flix-checkManifestLockResult.txt",
			);
			runOnlyForDeploymentPostprocessing = 0;
			shellPath = /bin/sh;
			shellScript = "diff \"${PODS_PODFILE_DIR_PATH}/Podfile.lock\" \"${PODS_ROOT}/Manifest.lock\" > /dev/null\nif [ $? != 0 ] ; then\n    # print error to STDERR\n    echo \"error: The sandbox is not in sync with the Podfile.lock. Run 'pod install' or update your CocoaPods installation.\" >&2\n    exit 1\nfi\n# This output is used by Xcode 'outputs' to avoid re-running this script phase.\necho \"SUCCESS\" > \"${SCRIPT_OUTPUT_FILE_0}\"\n";
			showEnvVarsInLog = 0;
		};
		9096B220EB330ADDBF2D782D /* [CP] Embed Pods Frameworks */ = {
			isa = PBXShellScriptBuildPhase;
			buildActionMask = 2147483647;
			files = (
			);
			inputFileListPaths = (
				"${PODS_ROOT}/Target Support Files/Pods-flix/Pods-flix-frameworks-${CONFIGURATION}-input-files.xcfilelist",
			);
			name = "[CP] Embed Pods Frameworks";
			outputFileListPaths = (
				"${PODS_ROOT}/Target Support Files/Pods-flix/Pods-flix-frameworks-${CONFIGURATION}-output-files.xcfilelist",
			);
			runOnlyForDeploymentPostprocessing = 0;
			shellPath = /bin/sh;
			shellScript = "\"${PODS_ROOT}/Target Support Files/Pods-flix/Pods-flix-frameworks.sh\"\n";
			showEnvVarsInLog = 0;
		};
		A767973D5BACF65B40C711DA /* [CP] Check Pods Manifest.lock */ = {
			isa = PBXShellScriptBuildPhase;
			buildActionMask = 2147483647;
			files = (
			);
			inputFileListPaths = (
			);
			inputPaths = (
				"${PODS_PODFILE_DIR_PATH}/Podfile.lock",
				"${PODS_ROOT}/Manifest.lock",
			);
			name = "[CP] Check Pods Manifest.lock";
			outputFileListPaths = (
			);
			outputPaths = (
				"$(DERIVED_FILE_DIR)/Pods-flixTests-checkManifestLockResult.txt",
			);
			runOnlyForDeploymentPostprocessing = 0;
			shellPath = /bin/sh;
			shellScript = "diff \"${PODS_PODFILE_DIR_PATH}/Podfile.lock\" \"${PODS_ROOT}/Manifest.lock\" > /dev/null\nif [ $? != 0 ] ; then\n    # print error to STDERR\n    echo \"error: The sandbox is not in sync with the Podfile.lock. Run 'pod install' or update your CocoaPods installation.\" >&2\n    exit 1\nfi\n# This output is used by Xcode 'outputs' to avoid re-running this script phase.\necho \"SUCCESS\" > \"${SCRIPT_OUTPUT_FILE_0}\"\n";
			showEnvVarsInLog = 0;
		};
/* End PBXShellScriptBuildPhase section */

/* Begin PBXSourcesBuildPhase section */
		1893725C27C9D09A001678EE /* Sources */ = {
			isa = PBXSourcesBuildPhase;
			buildActionMask = 2147483647;
			files = (
				1893726427C9D09A001678EE /* AppDelegate.swift in Sources */,
				1893726627C9D09A001678EE /* SceneDelegate.swift in Sources */,
				1893729627C9EAC8001678EE /* MovieCell.swift in Sources */,
				1893729427C9D5F2001678EE /* MoviesViewController.swift in Sources */,
			);
			runOnlyForDeploymentPostprocessing = 0;
		};
		1893727227C9D0A1001678EE /* Sources */ = {
			isa = PBXSourcesBuildPhase;
			buildActionMask = 2147483647;
			files = (
				1893727B27C9D0A1001678EE /* flixTests.swift in Sources */,
			);
			runOnlyForDeploymentPostprocessing = 0;
		};
		1893727C27C9D0A1001678EE /* Sources */ = {
			isa = PBXSourcesBuildPhase;
			buildActionMask = 2147483647;
			files = (
				1893728527C9D0A1001678EE /* flixUITests.swift in Sources */,
				1893728727C9D0A1001678EE /* flixUITestsLaunchTests.swift in Sources */,
			);
			runOnlyForDeploymentPostprocessing = 0;
		};
/* End PBXSourcesBuildPhase section */

/* Begin PBXTargetDependency section */
		1893727827C9D0A1001678EE /* PBXTargetDependency */ = {
			isa = PBXTargetDependency;
			target = 1893725F27C9D09A001678EE /* flix */;
			targetProxy = 1893727727C9D0A1001678EE /* PBXContainerItemProxy */;
		};
		1893728227C9D0A1001678EE /* PBXTargetDependency */ = {
			isa = PBXTargetDependency;
			target = 1893725F27C9D09A001678EE /* flix */;
			targetProxy = 1893728127C9D0A1001678EE /* PBXContainerItemProxy */;
		};
/* End PBXTargetDependency section */

/* Begin PBXVariantGroup section */
		1893726927C9D09A001678EE /* Main.storyboard */ = {
			isa = PBXVariantGroup;
			children = (
				1893726A27C9D09A001678EE /* Base */,
			);
			name = Main.storyboard;
			sourceTree = "<group>";
		};
		1893726E27C9D0A0001678EE /* LaunchScreen.storyboard */ = {
			isa = PBXVariantGroup;
			children = (
				1893726F27C9D0A0001678EE /* Base */,
			);
			name = LaunchScreen.storyboard;
			sourceTree = "<group>";
		};
/* End PBXVariantGroup section */

/* Begin XCBuildConfiguration section */
		1893728827C9D0A1001678EE /* Debug */ = {
			isa = XCBuildConfiguration;
			buildSettings = {
				ALWAYS_SEARCH_USER_PATHS = NO;
				CLANG_ANALYZER_NONNULL = YES;
				CLANG_ANALYZER_NUMBER_OBJECT_CONVERSION = YES_AGGRESSIVE;
				CLANG_CXX_LANGUAGE_STANDARD = "gnu++17";
				CLANG_CXX_LIBRARY = "libc++";
				CLANG_ENABLE_MODULES = YES;
				CLANG_ENABLE_OBJC_ARC = YES;
				CLANG_ENABLE_OBJC_WEAK = YES;
				CLANG_WARN_BLOCK_CAPTURE_AUTORELEASING = YES;
				CLANG_WARN_BOOL_CONVERSION = YES;
				CLANG_WARN_COMMA = YES;
				CLANG_WARN_CONSTANT_CONVERSION = YES;
				CLANG_WARN_DEPRECATED_OBJC_IMPLEMENTATIONS = YES;
				CLANG_WARN_DIRECT_OBJC_ISA_USAGE = YES_ERROR;
				CLANG_WARN_DOCUMENTATION_COMMENTS = YES;
				CLANG_WARN_EMPTY_BODY = YES;
				CLANG_WARN_ENUM_CONVERSION = YES;
				CLANG_WARN_INFINITE_RECURSION = YES;
				CLANG_WARN_INT_CONVERSION = YES;
				CLANG_WARN_NON_LITERAL_NULL_CONVERSION = YES;
				CLANG_WARN_OBJC_IMPLICIT_RETAIN_SELF = YES;
				CLANG_WARN_OBJC_LITERAL_CONVERSION = YES;
				CLANG_WARN_OBJC_ROOT_CLASS = YES_ERROR;
				CLANG_WARN_QUOTED_INCLUDE_IN_FRAMEWORK_HEADER = YES;
				CLANG_WARN_RANGE_LOOP_ANALYSIS = YES;
				CLANG_WARN_STRICT_PROTOTYPES = YES;
				CLANG_WARN_SUSPICIOUS_MOVE = YES;
				CLANG_WARN_UNGUARDED_AVAILABILITY = YES_AGGRESSIVE;
				CLANG_WARN_UNREACHABLE_CODE = YES;
				CLANG_WARN__DUPLICATE_METHOD_MATCH = YES;
				COPY_PHASE_STRIP = NO;
				DEBUG_INFORMATION_FORMAT = dwarf;
				ENABLE_STRICT_OBJC_MSGSEND = YES;
				ENABLE_TESTABILITY = YES;
				GCC_C_LANGUAGE_STANDARD = gnu11;
				GCC_DYNAMIC_NO_PIC = NO;
				GCC_NO_COMMON_BLOCKS = YES;
				GCC_OPTIMIZATION_LEVEL = 0;
				GCC_PREPROCESSOR_DEFINITIONS = (
					"DEBUG=1",
					"$(inherited)",
				);
				GCC_WARN_64_TO_32_BIT_CONVERSION = YES;
				GCC_WARN_ABOUT_RETURN_TYPE = YES_ERROR;
				GCC_WARN_UNDECLARED_SELECTOR = YES;
				GCC_WARN_UNINITIALIZED_AUTOS = YES_AGGRESSIVE;
				GCC_WARN_UNUSED_FUNCTION = YES;
				GCC_WARN_UNUSED_VARIABLE = YES;
				IPHONEOS_DEPLOYMENT_TARGET = 15.2;
				MTL_ENABLE_DEBUG_INFO = INCLUDE_SOURCE;
				MTL_FAST_MATH = YES;
				ONLY_ACTIVE_ARCH = YES;
				SDKROOT = iphoneos;
				SWIFT_ACTIVE_COMPILATION_CONDITIONS = DEBUG;
				SWIFT_OPTIMIZATION_LEVEL = "-Onone";
			};
			name = Debug;
		};
		1893728927C9D0A1001678EE /* Release */ = {
			isa = XCBuildConfiguration;
			buildSettings = {
				ALWAYS_SEARCH_USER_PATHS = NO;
				CLANG_ANALYZER_NONNULL = YES;
				CLANG_ANALYZER_NUMBER_OBJECT_CONVERSION = YES_AGGRESSIVE;
				CLANG_CXX_LANGUAGE_STANDARD = "gnu++17";
				CLANG_CXX_LIBRARY = "libc++";
				CLANG_ENABLE_MODULES = YES;
				CLANG_ENABLE_OBJC_ARC = YES;
				CLANG_ENABLE_OBJC_WEAK = YES;
				CLANG_WARN_BLOCK_CAPTURE_AUTORELEASING = YES;
				CLANG_WARN_BOOL_CONVERSION = YES;
				CLANG_WARN_COMMA = YES;
				CLANG_WARN_CONSTANT_CONVERSION = YES;
				CLANG_WARN_DEPRECATED_OBJC_IMPLEMENTATIONS = YES;
				CLANG_WARN_DIRECT_OBJC_ISA_USAGE = YES_ERROR;
				CLANG_WARN_DOCUMENTATION_COMMENTS = YES;
				CLANG_WARN_EMPTY_BODY = YES;
				CLANG_WARN_ENUM_CONVERSION = YES;
				CLANG_WARN_INFINITE_RECURSION = YES;
				CLANG_WARN_INT_CONVERSION = YES;
				CLANG_WARN_NON_LITERAL_NULL_CONVERSION = YES;
				CLANG_WARN_OBJC_IMPLICIT_RETAIN_SELF = YES;
				CLANG_WARN_OBJC_LITERAL_CONVERSION = YES;
				CLANG_WARN_OBJC_ROOT_CLASS = YES_ERROR;
				CLANG_WARN_QUOTED_INCLUDE_IN_FRAMEWORK_HEADER = YES;
				CLANG_WARN_RANGE_LOOP_ANALYSIS = YES;
				CLANG_WARN_STRICT_PROTOTYPES = YES;
				CLANG_WARN_SUSPICIOUS_MOVE = YES;
				CLANG_WARN_UNGUARDED_AVAILABILITY = YES_AGGRESSIVE;
				CLANG_WARN_UNREACHABLE_CODE = YES;
				CLANG_WARN__DUPLICATE_METHOD_MATCH = YES;
				COPY_PHASE_STRIP = NO;
				DEBUG_INFORMATION_FORMAT = "dwarf-with-dsym";
				ENABLE_NS_ASSERTIONS = NO;
				ENABLE_STRICT_OBJC_MSGSEND = YES;
				GCC_C_LANGUAGE_STANDARD = gnu11;
				GCC_NO_COMMON_BLOCKS = YES;
				GCC_WARN_64_TO_32_BIT_CONVERSION = YES;
				GCC_WARN_ABOUT_RETURN_TYPE = YES_ERROR;
				GCC_WARN_UNDECLARED_SELECTOR = YES;
				GCC_WARN_UNINITIALIZED_AUTOS = YES_AGGRESSIVE;
				GCC_WARN_UNUSED_FUNCTION = YES;
				GCC_WARN_UNUSED_VARIABLE = YES;
				IPHONEOS_DEPLOYMENT_TARGET = 15.2;
				MTL_ENABLE_DEBUG_INFO = NO;
				MTL_FAST_MATH = YES;
				SDKROOT = iphoneos;
				SWIFT_COMPILATION_MODE = wholemodule;
				SWIFT_OPTIMIZATION_LEVEL = "-O";
				VALIDATE_PRODUCT = YES;
			};
			name = Release;
		};
		1893728B27C9D0A1001678EE /* Debug */ = {
			isa = XCBuildConfiguration;
			baseConfigurationReference = DEA38F8F84C78481EE44FBC0 /* Pods-flix.debug.xcconfig */;
			buildSettings = {
				ASSETCATALOG_COMPILER_APPICON_NAME = AppIcon;
				ASSETCATALOG_COMPILER_GLOBAL_ACCENT_COLOR_NAME = AccentColor;
				CODE_SIGN_STYLE = Automatic;
				CURRENT_PROJECT_VERSION = 1;
				DEVELOPMENT_TEAM = BJ6RNA4GPX;
				GENERATE_INFOPLIST_FILE = YES;
				INFOPLIST_FILE = flix/Info.plist;
				INFOPLIST_KEY_UIApplicationSupportsIndirectInputEvents = YES;
				INFOPLIST_KEY_UILaunchStoryboardName = LaunchScreen;
				INFOPLIST_KEY_UIMainStoryboardFile = Main;
				INFOPLIST_KEY_UISupportedInterfaceOrientations_iPad = "UIInterfaceOrientationPortrait UIInterfaceOrientationPortraitUpsideDown UIInterfaceOrientationLandscapeLeft UIInterfaceOrientationLandscapeRight";
				INFOPLIST_KEY_UISupportedInterfaceOrientations_iPhone = "UIInterfaceOrientationPortrait UIInterfaceOrientationLandscapeLeft UIInterfaceOrientationLandscapeRight";
				LD_RUNPATH_SEARCH_PATHS = (
					"$(inherited)",
					"@executable_path/Frameworks",
				);
				MARKETING_VERSION = 1.0;
				PRODUCT_BUNDLE_IDENTIFIER = memo.com.flix;
				PRODUCT_NAME = "$(TARGET_NAME)";
				SWIFT_EMIT_LOC_STRINGS = YES;
				SWIFT_VERSION = 5.0;
				TARGETED_DEVICE_FAMILY = "1,2";
			};
			name = Debug;
		};
		1893728C27C9D0A1001678EE /* Release */ = {
			isa = XCBuildConfiguration;
			baseConfigurationReference = B94EF0A65CE2B189A239F9E5 /* Pods-flix.release.xcconfig */;
			buildSettings = {
				ASSETCATALOG_COMPILER_APPICON_NAME = AppIcon;
				ASSETCATALOG_COMPILER_GLOBAL_ACCENT_COLOR_NAME = AccentColor;
				CODE_SIGN_STYLE = Automatic;
				CURRENT_PROJECT_VERSION = 1;
				DEVELOPMENT_TEAM = BJ6RNA4GPX;
				GENERATE_INFOPLIST_FILE = YES;
				INFOPLIST_FILE = flix/Info.plist;
				INFOPLIST_KEY_UIApplicationSupportsIndirectInputEvents = YES;
				INFOPLIST_KEY_UILaunchStoryboardName = LaunchScreen;
				INFOPLIST_KEY_UIMainStoryboardFile = Main;
				INFOPLIST_KEY_UISupportedInterfaceOrientations_iPad = "UIInterfaceOrientationPortrait UIInterfaceOrientationPortraitUpsideDown UIInterfaceOrientationLandscapeLeft UIInterfaceOrientationLandscapeRight";
				INFOPLIST_KEY_UISupportedInterfaceOrientations_iPhone = "UIInterfaceOrientationPortrait UIInterfaceOrientationLandscapeLeft UIInterfaceOrientationLandscapeRight";
				LD_RUNPATH_SEARCH_PATHS = (
					"$(inherited)",
					"@executable_path/Frameworks",
				);
				MARKETING_VERSION = 1.0;
				PRODUCT_BUNDLE_IDENTIFIER = memo.com.flix;
				PRODUCT_NAME = "$(TARGET_NAME)";
				SWIFT_EMIT_LOC_STRINGS = YES;
				SWIFT_VERSION = 5.0;
				TARGETED_DEVICE_FAMILY = "1,2";
			};
			name = Release;
		};
		1893728E27C9D0A1001678EE /* Debug */ = {
			isa = XCBuildConfiguration;
			baseConfigurationReference = D445E86B16ED39C5ED7841DF /* Pods-flixTests.debug.xcconfig */;
			buildSettings = {
				ALWAYS_EMBED_SWIFT_STANDARD_LIBRARIES = YES;
				BUNDLE_LOADER = "$(TEST_HOST)";
				CODE_SIGN_STYLE = Automatic;
				CURRENT_PROJECT_VERSION = 1;
				DEVELOPMENT_TEAM = BJ6RNA4GPX;
				GENERATE_INFOPLIST_FILE = YES;
				IPHONEOS_DEPLOYMENT_TARGET = 15.2;
				MARKETING_VERSION = 1.0;
				PRODUCT_BUNDLE_IDENTIFIER = memo.com.flixTests;
				PRODUCT_NAME = "$(TARGET_NAME)";
				SWIFT_EMIT_LOC_STRINGS = NO;
				SWIFT_VERSION = 5.0;
				TARGETED_DEVICE_FAMILY = "1,2";
				TEST_HOST = "$(BUILT_PRODUCTS_DIR)/flix.app/flix";
			};
			name = Debug;
		};
		1893728F27C9D0A1001678EE /* Release */ = {
			isa = XCBuildConfiguration;
			baseConfigurationReference = 8F74CB59444B159DF8CA58A9 /* Pods-flixTests.release.xcconfig */;
			buildSettings = {
				ALWAYS_EMBED_SWIFT_STANDARD_LIBRARIES = YES;
				BUNDLE_LOADER = "$(TEST_HOST)";
				CODE_SIGN_STYLE = Automatic;
				CURRENT_PROJECT_VERSION = 1;
				DEVELOPMENT_TEAM = BJ6RNA4GPX;
				GENERATE_INFOPLIST_FILE = YES;
				IPHONEOS_DEPLOYMENT_TARGET = 15.2;
				MARKETING_VERSION = 1.0;
				PRODUCT_BUNDLE_IDENTIFIER = memo.com.flixTests;
				PRODUCT_NAME = "$(TARGET_NAME)";
				SWIFT_EMIT_LOC_STRINGS = NO;
				SWIFT_VERSION = 5.0;
				TARGETED_DEVICE_FAMILY = "1,2";
				TEST_HOST = "$(BUILT_PRODUCTS_DIR)/flix.app/flix";
			};
			name = Release;
		};
		1893729127C9D0A1001678EE /* Debug */ = {
			isa = XCBuildConfiguration;
			baseConfigurationReference = 8642E2CBD421DEA81B7CA95E /* Pods-flix-flixUITests.debug.xcconfig */;
			buildSettings = {
				ALWAYS_EMBED_SWIFT_STANDARD_LIBRARIES = YES;
				CODE_SIGN_STYLE = Automatic;
				CURRENT_PROJECT_VERSION = 1;
				DEVELOPMENT_TEAM = BJ6RNA4GPX;
				GENERATE_INFOPLIST_FILE = YES;
				MARKETING_VERSION = 1.0;
				PRODUCT_BUNDLE_IDENTIFIER = memo.com.flixUITests;
				PRODUCT_NAME = "$(TARGET_NAME)";
				SWIFT_EMIT_LOC_STRINGS = NO;
				SWIFT_VERSION = 5.0;
				TARGETED_DEVICE_FAMILY = "1,2";
				TEST_TARGET_NAME = flix;
			};
			name = Debug;
		};
		1893729227C9D0A1001678EE /* Release */ = {
			isa = XCBuildConfiguration;
			baseConfigurationReference = 587D8FDB21E9F34AF2ABE5BF /* Pods-flix-flixUITests.release.xcconfig */;
			buildSettings = {
				ALWAYS_EMBED_SWIFT_STANDARD_LIBRARIES = YES;
				CODE_SIGN_STYLE = Automatic;
				CURRENT_PROJECT_VERSION = 1;
				DEVELOPMENT_TEAM = BJ6RNA4GPX;
				GENERATE_INFOPLIST_FILE = YES;
				MARKETING_VERSION = 1.0;
				PRODUCT_BUNDLE_IDENTIFIER = memo.com.flixUITests;
				PRODUCT_NAME = "$(TARGET_NAME)";
				SWIFT_EMIT_LOC_STRINGS = NO;
				SWIFT_VERSION = 5.0;
				TARGETED_DEVICE_FAMILY = "1,2";
				TEST_TARGET_NAME = flix;
			};
			name = Release;
		};
/* End XCBuildConfiguration section */

/* Begin XCConfigurationList section */
		1893725B27C9D09A001678EE /* Build configuration list for PBXProject "flix" */ = {
			isa = XCConfigurationList;
			buildConfigurations = (
				1893728827C9D0A1001678EE /* Debug */,
				1893728927C9D0A1001678EE /* Release */,
			);
			defaultConfigurationIsVisible = 0;
			defaultConfigurationName = Release;
		};
		1893728A27C9D0A1001678EE /* Build configuration list for PBXNativeTarget "flix" */ = {
			isa = XCConfigurationList;
			buildConfigurations = (
				1893728B27C9D0A1001678EE /* Debug */,
				1893728C27C9D0A1001678EE /* Release */,
			);
			defaultConfigurationIsVisible = 0;
			defaultConfigurationName = Release;
		};
		1893728D27C9D0A1001678EE /* Build configuration list for PBXNativeTarget "flixTests" */ = {
			isa = XCConfigurationList;
			buildConfigurations = (
				1893728E27C9D0A1001678EE /* Debug */,
				1893728F27C9D0A1001678EE /* Release */,
			);
			defaultConfigurationIsVisible = 0;
			defaultConfigurationName = Release;
		};
		1893729027C9D0A1001678EE /* Build configuration list for PBXNativeTarget "flixUITests" */ = {
			isa = XCConfigurationList;
			buildConfigurations = (
				1893729127C9D0A1001678EE /* Debug */,
				1893729227C9D0A1001678EE /* Release */,
			);
			defaultConfigurationIsVisible = 0;
			defaultConfigurationName = Release;
		};
/* End XCConfigurationList section */

/* Begin XCRemoteSwiftPackageReference section */
		1893729727C9F315001678EE /* XCRemoteSwiftPackageReference "AlamofireImage" */ = {
			isa = XCRemoteSwiftPackageReference;
			repositoryURL = "https://github.com/Alamofire/AlamofireImage";
			requirement = {
				kind = upToNextMajorVersion;
				minimumVersion = 4.0.0;
			};
		};
/* End XCRemoteSwiftPackageReference section */

/* Begin XCSwiftPackageProductDependency section */
		1893729827C9F315001678EE /* AlamofireImage */ = {
			isa = XCSwiftPackageProductDependency;
			package = 1893729727C9F315001678EE /* XCRemoteSwiftPackageReference "AlamofireImage" */;
			productName = AlamofireImage;
		};
/* End XCSwiftPackageProductDependency section */
	};
	rootObject = 1893725827C9D09A001678EE /* Project object */;
}
